
Microsoft Visual Studio Solution File, Format Version 12.00
# Visual Studio Version 17
VisualStudioVersion = 17.7.34031.279
MinimumVisualStudioVersion = 10.0.40219.1
Project("{FAE04EC0-301F-11D3-BF4B-00C04F79EFBC}") = "JSON", "JSON\JSON.csproj", "{A1AA8F30-88BA-423A-815F-70D4395940B7}"
EndProject
Global
	GlobalSection(SolutionConfigurationPlatforms) = preSolution
		Debug|Any CPU = Debug|Any CPU
		Release|Any CPU = Release|Any CPU
	EndGlobalSection
	GlobalSection(ProjectConfigurationPlatforms) = postSolution
		{A1AA8F30-88BA-423A-815F-70D4395940B7}.Debug|Any CPU.ActiveCfg = Debug|Any CPU
		{A1AA8F30-88BA-423A-815F-70D4395940B7}.Debug|Any CPU.Build.0 = Debug|Any CPU
		{A1AA8F30-88BA-423A-815F-70D4395940B7}.Release|Any CPU.ActiveCfg = Release|Any CPU
		{A1AA8F30-88BA-423A-815F-70D4395940B7}.Release|Any CPU.Build.0 = Release|Any CPU
	EndGlobalSection
	GlobalSection(SolutionProperties) = preSolution
		HideSolutionNode = FALSE
	EndGlobalSection
	GlobalSection(ExtensibilityGlobals) = postSolution
		SolutionGuid = {AC706024-29C7-4723-A107-9EB438847867}
	EndGlobalSection
EndGlobal
